
Microsoft Visual Studio Solution File, Format Version 12.00
# Visual Studio Version 16
VisualStudioVersion = 16.0.30413.136
MinimumVisualStudioVersion = 10.0.40219.1
Project("{8BC9CEB8-8B4A-11D0-8D11-00A0C91BC942}") = "DLL", "DLL.vcxproj", "{8ECC03F1-75CE-4BEF-8448-ACCFE8938DA4}"
EndProject
Project("{8BC9CEB8-8B4A-11D0-8D11-00A0C91BC942}") = "CLIENT", "..\CLIENT\CLIENT.vcxproj", "{6E3ED289-3A6C-4B76-B850-C262CEBA3643}"
EndProject
Global
	GlobalSection(SolutionConfigurationPlatforms) = preSolution
		Debug|x64 = Debug|x64
		Debug|x86 = Debug|x86
		Release|x64 = Release|x64
		Release|x86 = Release|x86
	EndGlobalSection
	GlobalSection(ProjectConfigurationPlatforms) = postSolution
		{8ECC03F1-75CE-4BEF-8448-ACCFE8938DA4}.Debug|x64.ActiveCfg = Debug|x64
		{8ECC03F1-75CE-4BEF-8448-ACCFE8938DA4}.Debug|x64.Build.0 = Debug|x64
		{8ECC03F1-75CE-4BEF-8448-ACCFE8938DA4}.Debug|x86.ActiveCfg = Debug|Win32
		{8ECC03F1-75CE-4BEF-8448-ACCFE8938DA4}.Debug|x86.Build.0 = Debug|Win32
		{8ECC03F1-75CE-4BEF-8448-ACCFE8938DA4}.Release|x64.ActiveCfg = Release|x64
		{8ECC03F1-75CE-4BEF-8448-ACCFE8938DA4}.Release|x64.Build.0 = Release|x64
		{8ECC03F1-75CE-4BEF-8448-ACCFE8938DA4}.Release|x86.ActiveCfg = Release|Win32
		{8ECC03F1-75CE-4BEF-8448-ACCFE8938DA4}.Release|x86.Build.0 = Release|Win32
		{6E3ED289-3A6C-4B76-B850-C262CEBA3643}.Debug|x64.ActiveCfg = Debug|x64
		{6E3ED289-3A6C-4B76-B850-C262CEBA3643}.Debug|x64.Build.0 = Debug|x64
		{6E3ED289-3A6C-4B76-B850-C262CEBA3643}.Debug|x86.ActiveCfg = Debug|Win32
		{6E3ED289-3A6C-4B76-B850-C262CEBA3643}.Debug|x86.Build.0 = Debug|Win32
		{6E3ED289-3A6C-4B76-B850-C262CEBA3643}.Release|x64.ActiveCfg = Release|x64
		{6E3ED289-3A6C-4B76-B850-C262CEBA3643}.Release|x64.Build.0 = Release|x64
		{6E3ED289-3A6C-4B76-B850-C262CEBA3643}.Release|x86.ActiveCfg = Release|Win32
		{6E3ED289-3A6C-4B76-B850-C262CEBA3643}.Release|x86.Build.0 = Release|Win32
	EndGlobalSection
	GlobalSection(SolutionProperties) = preSolution
		HideSolutionNode = FALSE
	EndGlobalSection
	GlobalSection(ExtensibilityGlobals) = postSolution
		SolutionGuid = {6867326D-CC4D-48F7-92C1-A81173F9DFD0}
	EndGlobalSection
EndGlobal
